
Microsoft Visual Studio Solution File, Format Version 12.00
# Visual Studio 14
VisualStudioVersion = 14.0.25420.1
MinimumVisualStudioVersion = 10.0.40219.1
Project("{FAE04EC0-301F-11D3-BF4B-00C04F79EFBC}") = "SocketChatServer", "SocketChatServer\SocketChatServer.csproj", "{F150C8AF-A191-4746-8363-BD8AFBFF6D37}"
EndProject
Project("{FAE04EC0-301F-11D3-BF4B-00C04F79EFBC}") = "SocketChatClient", "SocketChatClient\SocketChatClient.csproj", "{9BC2C96F-6F4B-4BE8-AB66-211531039DBE}"
EndProject
Global
	GlobalSection(SolutionConfigurationPlatforms) = preSolution
		Debug|Any CPU = Debug|Any CPU
		Release|Any CPU = Release|Any CPU
	EndGlobalSection
	GlobalSection(ProjectConfigurationPlatforms) = postSolution
		{F150C8AF-A191-4746-8363-BD8AFBFF6D37}.Debug|Any CPU.ActiveCfg = Debug|Any CPU
		{F150C8AF-A191-4746-8363-BD8AFBFF6D37}.Debug|Any CPU.Build.0 = Debug|Any CPU
		{F150C8AF-A191-4746-8363-BD8AFBFF6D37}.Release|Any CPU.ActiveCfg = Release|Any CPU
		{F150C8AF-A191-4746-8363-BD8AFBFF6D37}.Release|Any CPU.Build.0 = Release|Any CPU
		{9BC2C96F-6F4B-4BE8-AB66-211531039DBE}.Debug|Any CPU.ActiveCfg = Debug|Any CPU
		{9BC2C96F-6F4B-4BE8-AB66-211531039DBE}.Debug|Any CPU.Build.0 = Debug|Any CPU
		{9BC2C96F-6F4B-4BE8-AB66-211531039DBE}.Release|Any CPU.ActiveCfg = Release|Any CPU
		{9BC2C96F-6F4B-4BE8-AB66-211531039DBE}.Release|Any CPU.Build.0 = Release|Any CPU
	EndGlobalSection
	GlobalSection(SolutionProperties) = preSolution
		HideSolutionNode = FALSE
	EndGlobalSection
EndGlobal
